
Microsoft Visual Studio Solution File, Format Version 12.00
# Visual Studio 15
VisualStudioVersion = 15.0.26730.10
MinimumVisualStudioVersion = 10.0.40219.1
Project("{FAE04EC0-301F-11D3-BF4B-00C04F79EFBC}") = "ScoroNet", "ScoroNet\ScoroNet.csproj", "{9DB76AC9-C02F-49EB-BEEA-CC05B6F3FF4A}"
EndProject
Project("{FAE04EC0-301F-11D3-BF4B-00C04F79EFBC}") = "Sample", "Sample\Sample.csproj", "{E8A4D966-15C0-465A-9EFA-0AD7159798BF}"
EndProject
Global
	GlobalSection(SolutionConfigurationPlatforms) = preSolution
		Debug|Any CPU = Debug|Any CPU
		Release|Any CPU = Release|Any CPU
	EndGlobalSection
	GlobalSection(ProjectConfigurationPlatforms) = postSolution
		{9DB76AC9-C02F-49EB-BEEA-CC05B6F3FF4A}.Debug|Any CPU.ActiveCfg = Debug|Any CPU
		{9DB76AC9-C02F-49EB-BEEA-CC05B6F3FF4A}.Debug|Any CPU.Build.0 = Debug|Any CPU
		{9DB76AC9-C02F-49EB-BEEA-CC05B6F3FF4A}.Release|Any CPU.ActiveCfg = Release|Any CPU
		{9DB76AC9-C02F-49EB-BEEA-CC05B6F3FF4A}.Release|Any CPU.Build.0 = Release|Any CPU
		{E8A4D966-15C0-465A-9EFA-0AD7159798BF}.Debug|Any CPU.ActiveCfg = Debug|Any CPU
		{E8A4D966-15C0-465A-9EFA-0AD7159798BF}.Debug|Any CPU.Build.0 = Debug|Any CPU
		{E8A4D966-15C0-465A-9EFA-0AD7159798BF}.Release|Any CPU.ActiveCfg = Release|Any CPU
		{E8A4D966-15C0-465A-9EFA-0AD7159798BF}.Release|Any CPU.Build.0 = Release|Any CPU
	EndGlobalSection
	GlobalSection(SolutionProperties) = preSolution
		HideSolutionNode = FALSE
	EndGlobalSection
	GlobalSection(ExtensibilityGlobals) = postSolution
		SolutionGuid = {01DA0C62-03F8-4266-A2D0-A9B07BE687FB}
	EndGlobalSection
EndGlobal
